
Microsoft Visual Studio Solution File, Format Version 12.00
# Visual Studio Version 17
VisualStudioVersion = 17.7.34018.315
MinimumVisualStudioVersion = 10.0.40219.1
Project("{FAE04EC0-301F-11D3-BF4B-00C04F79EFBC}") = "Bai7-LapTrinhTuongTacCoSoDuLieu", "Bai7-LapTrinhTuongTacCoSoDuLieu\Bai7-LapTrinhTuongTacCoSoDuLieu.csproj", "{41006A32-88CA-4F9F-8A0A-1A72BAC4F2A7}"
EndProject
Global
	GlobalSection(SolutionConfigurationPlatforms) = preSolution
		Debug|Any CPU = Debug|Any CPU
		Release|Any CPU = Release|Any CPU
	EndGlobalSection
	GlobalSection(ProjectConfigurationPlatforms) = postSolution
		{41006A32-88CA-4F9F-8A0A-1A72BAC4F2A7}.Debug|Any CPU.ActiveCfg = Debug|Any CPU
		{41006A32-88CA-4F9F-8A0A-1A72BAC4F2A7}.Debug|Any CPU.Build.0 = Debug|Any CPU
		{41006A32-88CA-4F9F-8A0A-1A72BAC4F2A7}.Release|Any CPU.ActiveCfg = Release|Any CPU
		{41006A32-88CA-4F9F-8A0A-1A72BAC4F2A7}.Release|Any CPU.Build.0 = Release|Any CPU
	EndGlobalSection
	GlobalSection(SolutionProperties) = preSolution
		HideSolutionNode = FALSE
	EndGlobalSection
	GlobalSection(ExtensibilityGlobals) = postSolution
		SolutionGuid = {F34FE8EA-02C4-46D3-9B08-44374C55B394}
	EndGlobalSection
EndGlobal
